
Microsoft Visual Studio Solution File, Format Version 12.00
# Visual Studio Version 17
VisualStudioVersion = 17.3.32825.248
MinimumVisualStudioVersion = 10.0.40219.1
Project("{FAE04EC0-301F-11D3-BF4B-00C04F79EFBC}") = "Vista", "Vista\Vista.csproj", "{135247F2-000D-4C68-BBDB-A32025D86386}"
EndProject
Project("{FAE04EC0-301F-11D3-BF4B-00C04F79EFBC}") = "Entidades", "Entidades\Entidades.csproj", "{214F7780-AD30-44CC-AAA7-0AB601824617}"
EndProject
Project("{FAE04EC0-301F-11D3-BF4B-00C04F79EFBC}") = "Datos", "Datos\Datos.csproj", "{B14823F1-5E1D-4EAD-BF9B-5560809BCADC}"
EndProject
Global
	GlobalSection(SolutionConfigurationPlatforms) = preSolution
		Debug|Any CPU = Debug|Any CPU
		Release|Any CPU = Release|Any CPU
	EndGlobalSection
	GlobalSection(ProjectConfigurationPlatforms) = postSolution
		{135247F2-000D-4C68-BBDB-A32025D86386}.Debug|Any CPU.ActiveCfg = Debug|Any CPU
		{135247F2-000D-4C68-BBDB-A32025D86386}.Debug|Any CPU.Build.0 = Debug|Any CPU
		{135247F2-000D-4C68-BBDB-A32025D86386}.Release|Any CPU.ActiveCfg = Release|Any CPU
		{135247F2-000D-4C68-BBDB-A32025D86386}.Release|Any CPU.Build.0 = Release|Any CPU
		{214F7780-AD30-44CC-AAA7-0AB601824617}.Debug|Any CPU.ActiveCfg = Debug|Any CPU
		{214F7780-AD30-44CC-AAA7-0AB601824617}.Debug|Any CPU.Build.0 = Debug|Any CPU
		{214F7780-AD30-44CC-AAA7-0AB601824617}.Release|Any CPU.ActiveCfg = Release|Any CPU
		{214F7780-AD30-44CC-AAA7-0AB601824617}.Release|Any CPU.Build.0 = Release|Any CPU
		{B14823F1-5E1D-4EAD-BF9B-5560809BCADC}.Debug|Any CPU.ActiveCfg = Debug|Any CPU
		{B14823F1-5E1D-4EAD-BF9B-5560809BCADC}.Debug|Any CPU.Build.0 = Debug|Any CPU
		{B14823F1-5E1D-4EAD-BF9B-5560809BCADC}.Release|Any CPU.ActiveCfg = Release|Any CPU
		{B14823F1-5E1D-4EAD-BF9B-5560809BCADC}.Release|Any CPU.Build.0 = Release|Any CPU
	EndGlobalSection
	GlobalSection(SolutionProperties) = preSolution
		HideSolutionNode = FALSE
	EndGlobalSection
	GlobalSection(ExtensibilityGlobals) = postSolution
		SolutionGuid = {ADEDC92B-118A-4521-81F3-500F79D45AEB}
	EndGlobalSection
EndGlobal
